
Microsoft Visual Studio Solution File, Format Version 12.00
# Visual Studio Version 17
VisualStudioVersion = 17.0.31903.59
MinimumVisualStudioVersion = 10.0.40219.1
Project("{2150E333-8FDC-42A3-9474-1A3956D46DE8}") = "packages", "packages", "{809F86A1-1C4C-B159-0CD4-DF9D33D876CE}"
EndProject
Project("{2150E333-8FDC-42A3-9474-1A3956D46DE8}") = "contracts", "contracts", "{3024F0A4-8109-3CD3-0347-46F4E6C63FD7}"
EndProject
Project("{FAE04EC0-301F-11D3-BF4B-00C04F79EFBC}") = "Maia.Contracts", "packages\contracts\Maia.Contracts.csproj", "{A17D0CE4-900F-409B-94ED-3FC675ED53F3}"
EndProject
Project("{2150E333-8FDC-42A3-9474-1A3956D46DE8}") = "router-rules", "router-rules", "{048D9AF8-4685-C3AC-2017-D37E614F955C}"
EndProject
Project("{FAE04EC0-301F-11D3-BF4B-00C04F79EFBC}") = "Maia.RouterRules", "packages\router-rules\Maia.RouterRules.csproj", "{2D645BF1-CA1D-4451-95AF-69D0F46FE61C}"
EndProject
Project("{2150E333-8FDC-42A3-9474-1A3956D46DE8}") = "services", "services", "{5854FF58-B8C5-05C6-5BF2-ACE42193F22B}"
EndProject
Project("{2150E333-8FDC-42A3-9474-1A3956D46DE8}") = "memory", "memory", "{95BF5745-459E-8EE1-17A2-1404D05EF9B3}"
EndProject
Project("{FAE04EC0-301F-11D3-BF4B-00C04F79EFBC}") = "Maia.Memory", "services\memory\Maia.Memory.csproj", "{E3B4325B-E14D-45FC-BFE0-924E84E88133}"
EndProject
Project("{2150E333-8FDC-42A3-9474-1A3956D46DE8}") = "orchestrator", "orchestrator", "{FFE3F348-13EC-4F05-BD1B-94A4B8123268}"
EndProject
Project("{FAE04EC0-301F-11D3-BF4B-00C04F79EFBC}") = "Maia.Orchestrator", "services\orchestrator\Maia.Orchestrator.csproj", "{6DE0EEE4-DD95-483E-AE36-0D57301315CB}"
EndProject
Project("{2150E333-8FDC-42A3-9474-1A3956D46DE8}") = "worker-exec", "worker-exec", "{D504998C-DEDD-6620-4D61-5EAA0BAE1179}"
EndProject
Project("{FAE04EC0-301F-11D3-BF4B-00C04F79EFBC}") = "Maia.WorkerExec", "services\worker-exec\Maia.WorkerExec.csproj", "{DC7C2E94-013A-4930-AE93-2065E327B223}"
EndProject
Project("{2150E333-8FDC-42A3-9474-1A3956D46DE8}") = "tools", "tools", "{07C2787E-EAC7-C090-1BA3-A61EC2A24D84}"
EndProject
Project("{FAE04EC0-301F-11D3-BF4B-00C04F79EFBC}") = "RunWeb", "tools\RunWeb\RunWeb.csproj", "{4D7BD661-92A7-4101-984F-094DBE0884FF}"
EndProject
Global
	GlobalSection(SolutionConfigurationPlatforms) = preSolution
		Debug|Any CPU = Debug|Any CPU
		Debug|x64 = Debug|x64
		Debug|x86 = Debug|x86
		Release|Any CPU = Release|Any CPU
		Release|x64 = Release|x64
		Release|x86 = Release|x86
	EndGlobalSection
	GlobalSection(ProjectConfigurationPlatforms) = postSolution
		{A17D0CE4-900F-409B-94ED-3FC675ED53F3}.Debug|Any CPU.ActiveCfg = Debug|Any CPU
		{A17D0CE4-900F-409B-94ED-3FC675ED53F3}.Debug|Any CPU.Build.0 = Debug|Any CPU
		{A17D0CE4-900F-409B-94ED-3FC675ED53F3}.Debug|x64.ActiveCfg = Debug|Any CPU
		{A17D0CE4-900F-409B-94ED-3FC675ED53F3}.Debug|x64.Build.0 = Debug|Any CPU
		{A17D0CE4-900F-409B-94ED-3FC675ED53F3}.Debug|x86.ActiveCfg = Debug|Any CPU
		{A17D0CE4-900F-409B-94ED-3FC675ED53F3}.Debug|x86.Build.0 = Debug|Any CPU
		{A17D0CE4-900F-409B-94ED-3FC675ED53F3}.Release|Any CPU.ActiveCfg = Release|Any CPU
		{A17D0CE4-900F-409B-94ED-3FC675ED53F3}.Release|Any CPU.Build.0 = Release|Any CPU
		{A17D0CE4-900F-409B-94ED-3FC675ED53F3}.Release|x64.ActiveCfg = Release|Any CPU
		{A17D0CE4-900F-409B-94ED-3FC675ED53F3}.Release|x64.Build.0 = Release|Any CPU
		{A17D0CE4-900F-409B-94ED-3FC675ED53F3}.Release|x86.ActiveCfg = Release|Any CPU
		{A17D0CE4-900F-409B-94ED-3FC675ED53F3}.Release|x86.Build.0 = Release|Any CPU
		{2D645BF1-CA1D-4451-95AF-69D0F46FE61C}.Debug|Any CPU.ActiveCfg = Debug|Any CPU
		{2D645BF1-CA1D-4451-95AF-69D0F46FE61C}.Debug|Any CPU.Build.0 = Debug|Any CPU
		{2D645BF1-CA1D-4451-95AF-69D0F46FE61C}.Debug|x64.ActiveCfg = Debug|Any CPU
		{2D645BF1-CA1D-4451-95AF-69D0F46FE61C}.Debug|x64.Build.0 = Debug|Any CPU
		{2D645BF1-CA1D-4451-95AF-69D0F46FE61C}.Debug|x86.ActiveCfg = Debug|Any CPU
		{2D645BF1-CA1D-4451-95AF-69D0F46FE61C}.Debug|x86.Build.0 = Debug|Any CPU
		{2D645BF1-CA1D-4451-95AF-69D0F46FE61C}.Release|Any CPU.ActiveCfg = Release|Any CPU
		{2D645BF1-CA1D-4451-95AF-69D0F46FE61C}.Release|Any CPU.Build.0 = Release|Any CPU
		{2D645BF1-CA1D-4451-95AF-69D0F46FE61C}.Release|x64.ActiveCfg = Release|Any CPU
		{2D645BF1-CA1D-4451-95AF-69D0F46FE61C}.Release|x64.Build.0 = Release|Any CPU
		{2D645BF1-CA1D-4451-95AF-69D0F46FE61C}.Release|x86.ActiveCfg = Release|Any CPU
		{2D645BF1-CA1D-4451-95AF-69D0F46FE61C}.Release|x86.Build.0 = Release|Any CPU
		{E3B4325B-E14D-45FC-BFE0-924E84E88133}.Debug|Any CPU.ActiveCfg = Debug|Any CPU
		{E3B4325B-E14D-45FC-BFE0-924E84E88133}.Debug|Any CPU.Build.0 = Debug|Any CPU
		{E3B4325B-E14D-45FC-BFE0-924E84E88133}.Debug|x64.ActiveCfg = Debug|Any CPU
		{E3B4325B-E14D-45FC-BFE0-924E84E88133}.Debug|x64.Build.0 = Debug|Any CPU
		{E3B4325B-E14D-45FC-BFE0-924E84E88133}.Debug|x86.ActiveCfg = Debug|Any CPU
		{E3B4325B-E14D-45FC-BFE0-924E84E88133}.Debug|x86.Build.0 = Debug|Any CPU
		{E3B4325B-E14D-45FC-BFE0-924E84E88133}.Release|Any CPU.ActiveCfg = Release|Any CPU
		{E3B4325B-E14D-45FC-BFE0-924E84E88133}.Release|Any CPU.Build.0 = Release|Any CPU
		{E3B4325B-E14D-45FC-BFE0-924E84E88133}.Release|x64.ActiveCfg = Release|Any CPU
		{E3B4325B-E14D-45FC-BFE0-924E84E88133}.Release|x64.Build.0 = Release|Any CPU
		{E3B4325B-E14D-45FC-BFE0-924E84E88133}.Release|x86.ActiveCfg = Release|Any CPU
		{E3B4325B-E14D-45FC-BFE0-924E84E88133}.Release|x86.Build.0 = Release|Any CPU
		{6DE0EEE4-DD95-483E-AE36-0D57301315CB}.Debug|Any CPU.ActiveCfg = Debug|Any CPU
		{6DE0EEE4-DD95-483E-AE36-0D57301315CB}.Debug|Any CPU.Build.0 = Debug|Any CPU
		{6DE0EEE4-DD95-483E-AE36-0D57301315CB}.Debug|x64.ActiveCfg = Debug|Any CPU
		{6DE0EEE4-DD95-483E-AE36-0D57301315CB}.Debug|x64.Build.0 = Debug|Any CPU
		{6DE0EEE4-DD95-483E-AE36-0D57301315CB}.Debug|x86.ActiveCfg = Debug|Any CPU
		{6DE0EEE4-DD95-483E-AE36-0D57301315CB}.Debug|x86.Build.0 = Debug|Any CPU
		{6DE0EEE4-DD95-483E-AE36-0D57301315CB}.Release|Any CPU.ActiveCfg = Release|Any CPU
		{6DE0EEE4-DD95-483E-AE36-0D57301315CB}.Release|Any CPU.Build.0 = Release|Any CPU
		{6DE0EEE4-DD95-483E-AE36-0D57301315CB}.Release|x64.ActiveCfg = Release|Any CPU
		{6DE0EEE4-DD95-483E-AE36-0D57301315CB}.Release|x64.Build.0 = Release|Any CPU
		{6DE0EEE4-DD95-483E-AE36-0D57301315CB}.Release|x86.ActiveCfg = Release|Any CPU
		{6DE0EEE4-DD95-483E-AE36-0D57301315CB}.Release|x86.Build.0 = Release|Any CPU
		{DC7C2E94-013A-4930-AE93-2065E327B223}.Debug|Any CPU.ActiveCfg = Debug|Any CPU
		{DC7C2E94-013A-4930-AE93-2065E327B223}.Debug|Any CPU.Build.0 = Debug|Any CPU
		{DC7C2E94-013A-4930-AE93-2065E327B223}.Debug|x64.ActiveCfg = Debug|Any CPU
		{DC7C2E94-013A-4930-AE93-2065E327B223}.Debug|x64.Build.0 = Debug|Any CPU
		{DC7C2E94-013A-4930-AE93-2065E327B223}.Debug|x86.ActiveCfg = Debug|Any CPU
		{DC7C2E94-013A-4930-AE93-2065E327B223}.Debug|x86.Build.0 = Debug|Any CPU
		{DC7C2E94-013A-4930-AE93-2065E327B223}.Release|Any CPU.ActiveCfg = Release|Any CPU
		{DC7C2E94-013A-4930-AE93-2065E327B223}.Release|Any CPU.Build.0 = Release|Any CPU
		{DC7C2E94-013A-4930-AE93-2065E327B223}.Release|x64.ActiveCfg = Release|Any CPU
		{DC7C2E94-013A-4930-AE93-2065E327B223}.Release|x64.Build.0 = Release|Any CPU
		{DC7C2E94-013A-4930-AE93-2065E327B223}.Release|x86.ActiveCfg = Release|Any CPU
		{DC7C2E94-013A-4930-AE93-2065E327B223}.Release|x86.Build.0 = Release|Any CPU
		{4D7BD661-92A7-4101-984F-094DBE0884FF}.Debug|Any CPU.ActiveCfg = Debug|Any CPU
		{4D7BD661-92A7-4101-984F-094DBE0884FF}.Debug|Any CPU.Build.0 = Debug|Any CPU
		{4D7BD661-92A7-4101-984F-094DBE0884FF}.Debug|x64.ActiveCfg = Debug|Any CPU
		{4D7BD661-92A7-4101-984F-094DBE0884FF}.Debug|x64.Build.0 = Debug|Any CPU
		{4D7BD661-92A7-4101-984F-094DBE0884FF}.Debug|x86.ActiveCfg = Debug|Any CPU
		{4D7BD661-92A7-4101-984F-094DBE0884FF}.Debug|x86.Build.0 = Debug|Any CPU
		{4D7BD661-92A7-4101-984F-094DBE0884FF}.Release|Any CPU.ActiveCfg = Release|Any CPU
		{4D7BD661-92A7-4101-984F-094DBE0884FF}.Release|Any CPU.Build.0 = Release|Any CPU
		{4D7BD661-92A7-4101-984F-094DBE0884FF}.Release|x64.ActiveCfg = Release|Any CPU
		{4D7BD661-92A7-4101-984F-094DBE0884FF}.Release|x64.Build.0 = Release|Any CPU
		{4D7BD661-92A7-4101-984F-094DBE0884FF}.Release|x86.ActiveCfg = Release|Any CPU
		{4D7BD661-92A7-4101-984F-094DBE0884FF}.Release|x86.Build.0 = Release|Any CPU
	EndGlobalSection
	GlobalSection(SolutionProperties) = preSolution
		HideSolutionNode = FALSE
	EndGlobalSection
	GlobalSection(NestedProjects) = preSolution
		{3024F0A4-8109-3CD3-0347-46F4E6C63FD7} = {809F86A1-1C4C-B159-0CD4-DF9D33D876CE}
		{A17D0CE4-900F-409B-94ED-3FC675ED53F3} = {3024F0A4-8109-3CD3-0347-46F4E6C63FD7}
		{048D9AF8-4685-C3AC-2017-D37E614F955C} = {809F86A1-1C4C-B159-0CD4-DF9D33D876CE}
		{2D645BF1-CA1D-4451-95AF-69D0F46FE61C} = {048D9AF8-4685-C3AC-2017-D37E614F955C}
		{95BF5745-459E-8EE1-17A2-1404D05EF9B3} = {5854FF58-B8C5-05C6-5BF2-ACE42193F22B}
		{E3B4325B-E14D-45FC-BFE0-924E84E88133} = {95BF5745-459E-8EE1-17A2-1404D05EF9B3}
		{FFE3F348-13EC-4F05-BD1B-94A4B8123268} = {5854FF58-B8C5-05C6-5BF2-ACE42193F22B}
		{6DE0EEE4-DD95-483E-AE36-0D57301315CB} = {FFE3F348-13EC-4F05-BD1B-94A4B8123268}
		{D504998C-DEDD-6620-4D61-5EAA0BAE1179} = {5854FF58-B8C5-05C6-5BF2-ACE42193F22B}
		{DC7C2E94-013A-4930-AE93-2065E327B223} = {D504998C-DEDD-6620-4D61-5EAA0BAE1179}
		{4D7BD661-92A7-4101-984F-094DBE0884FF} = {07C2787E-EAC7-C090-1BA3-A61EC2A24D84}
	EndGlobalSection
EndGlobal
