
Microsoft Visual Studio Solution File, Format Version 12.00
# Visual Studio Version 17
VisualStudioVersion = 17.0.31903.59
MinimumVisualStudioVersion = 10.0.40219.1
Project("{2150E333-8FDC-42A3-9474-1A3956D46DE8}") = "packages", "packages", "{809F86A1-1C4C-B159-0CD4-DF9D33D876CE}"
EndProject
Project("{2150E333-8FDC-42A3-9474-1A3956D46DE8}") = "contracts", "contracts", "{3024F0A4-8109-3CD3-0347-46F4E6C63FD7}"
EndProject
Project("{FAE04EC0-301F-11D3-BF4B-00C04F79EFBC}") = "Maia.Contracts", "packages\contracts\Maia.Contracts.csproj", "{69B42F05-6195-48D0-B38B-1A3FCEC8DF88}"
EndProject
Project("{2150E333-8FDC-42A3-9474-1A3956D46DE8}") = "router-rules", "router-rules", "{048D9AF8-4685-C3AC-2017-D37E614F955C}"
EndProject
Project("{FAE04EC0-301F-11D3-BF4B-00C04F79EFBC}") = "Maia.RouterRules", "packages\router-rules\Maia.RouterRules.csproj", "{06CCB560-D3EB-407C-B50E-F264FB1DC839}"
EndProject
Project("{2150E333-8FDC-42A3-9474-1A3956D46DE8}") = "services", "services", "{5854FF58-B8C5-05C6-5BF2-ACE42193F22B}"
EndProject
Project("{2150E333-8FDC-42A3-9474-1A3956D46DE8}") = "memory", "memory", "{95BF5745-459E-8EE1-17A2-1404D05EF9B3}"
EndProject
Project("{FAE04EC0-301F-11D3-BF4B-00C04F79EFBC}") = "Maia.Memory", "services\memory\Maia.Memory.csproj", "{28F0F273-AAA1-4408-8DE8-F50FC6A622BA}"
EndProject
Project("{2150E333-8FDC-42A3-9474-1A3956D46DE8}") = "orchestrator", "orchestrator", "{FFE3F348-13EC-4F05-BD1B-94A4B8123268}"
EndProject
Project("{FAE04EC0-301F-11D3-BF4B-00C04F79EFBC}") = "Maia.Orchestrator", "services\orchestrator\Maia.Orchestrator.csproj", "{E9B6A7E0-6BCD-4AE3-AB1C-5C06977CB2A1}"
EndProject
Project("{2150E333-8FDC-42A3-9474-1A3956D46DE8}") = "worker-exec", "worker-exec", "{D504998C-DEDD-6620-4D61-5EAA0BAE1179}"
EndProject
Project("{FAE04EC0-301F-11D3-BF4B-00C04F79EFBC}") = "Maia.WorkerExec", "services\worker-exec\Maia.WorkerExec.csproj", "{DF280346-0953-44E8-8783-240A40D218BE}"
EndProject
Project("{2150E333-8FDC-42A3-9474-1A3956D46DE8}") = "tools", "tools", "{07C2787E-EAC7-C090-1BA3-A61EC2A24D84}"
EndProject
Project("{FAE04EC0-301F-11D3-BF4B-00C04F79EFBC}") = "RunWeb", "tools\RunWeb\RunWeb.csproj", "{98793133-FB7A-4A0F-B315-3996F1822725}"
EndProject
Global
	GlobalSection(SolutionConfigurationPlatforms) = preSolution
		Debug|Any CPU = Debug|Any CPU
		Debug|x64 = Debug|x64
		Debug|x86 = Debug|x86
		Release|Any CPU = Release|Any CPU
		Release|x64 = Release|x64
		Release|x86 = Release|x86
	EndGlobalSection
	GlobalSection(ProjectConfigurationPlatforms) = postSolution
		{69B42F05-6195-48D0-B38B-1A3FCEC8DF88}.Debug|Any CPU.ActiveCfg = Debug|Any CPU
		{69B42F05-6195-48D0-B38B-1A3FCEC8DF88}.Debug|Any CPU.Build.0 = Debug|Any CPU
		{69B42F05-6195-48D0-B38B-1A3FCEC8DF88}.Debug|x64.ActiveCfg = Debug|Any CPU
		{69B42F05-6195-48D0-B38B-1A3FCEC8DF88}.Debug|x64.Build.0 = Debug|Any CPU
		{69B42F05-6195-48D0-B38B-1A3FCEC8DF88}.Debug|x86.ActiveCfg = Debug|Any CPU
		{69B42F05-6195-48D0-B38B-1A3FCEC8DF88}.Debug|x86.Build.0 = Debug|Any CPU
		{69B42F05-6195-48D0-B38B-1A3FCEC8DF88}.Release|Any CPU.ActiveCfg = Release|Any CPU
		{69B42F05-6195-48D0-B38B-1A3FCEC8DF88}.Release|Any CPU.Build.0 = Release|Any CPU
		{69B42F05-6195-48D0-B38B-1A3FCEC8DF88}.Release|x64.ActiveCfg = Release|Any CPU
		{69B42F05-6195-48D0-B38B-1A3FCEC8DF88}.Release|x64.Build.0 = Release|Any CPU
		{69B42F05-6195-48D0-B38B-1A3FCEC8DF88}.Release|x86.ActiveCfg = Release|Any CPU
		{69B42F05-6195-48D0-B38B-1A3FCEC8DF88}.Release|x86.Build.0 = Release|Any CPU
		{06CCB560-D3EB-407C-B50E-F264FB1DC839}.Debug|Any CPU.ActiveCfg = Debug|Any CPU
		{06CCB560-D3EB-407C-B50E-F264FB1DC839}.Debug|Any CPU.Build.0 = Debug|Any CPU
		{06CCB560-D3EB-407C-B50E-F264FB1DC839}.Debug|x64.ActiveCfg = Debug|Any CPU
		{06CCB560-D3EB-407C-B50E-F264FB1DC839}.Debug|x64.Build.0 = Debug|Any CPU
		{06CCB560-D3EB-407C-B50E-F264FB1DC839}.Debug|x86.ActiveCfg = Debug|Any CPU
		{06CCB560-D3EB-407C-B50E-F264FB1DC839}.Debug|x86.Build.0 = Debug|Any CPU
		{06CCB560-D3EB-407C-B50E-F264FB1DC839}.Release|Any CPU.ActiveCfg = Release|Any CPU
		{06CCB560-D3EB-407C-B50E-F264FB1DC839}.Release|Any CPU.Build.0 = Release|Any CPU
		{06CCB560-D3EB-407C-B50E-F264FB1DC839}.Release|x64.ActiveCfg = Release|Any CPU
		{06CCB560-D3EB-407C-B50E-F264FB1DC839}.Release|x64.Build.0 = Release|Any CPU
		{06CCB560-D3EB-407C-B50E-F264FB1DC839}.Release|x86.ActiveCfg = Release|Any CPU
		{06CCB560-D3EB-407C-B50E-F264FB1DC839}.Release|x86.Build.0 = Release|Any CPU
		{28F0F273-AAA1-4408-8DE8-F50FC6A622BA}.Debug|Any CPU.ActiveCfg = Debug|Any CPU
		{28F0F273-AAA1-4408-8DE8-F50FC6A622BA}.Debug|Any CPU.Build.0 = Debug|Any CPU
		{28F0F273-AAA1-4408-8DE8-F50FC6A622BA}.Debug|x64.ActiveCfg = Debug|Any CPU
		{28F0F273-AAA1-4408-8DE8-F50FC6A622BA}.Debug|x64.Build.0 = Debug|Any CPU
		{28F0F273-AAA1-4408-8DE8-F50FC6A622BA}.Debug|x86.ActiveCfg = Debug|Any CPU
		{28F0F273-AAA1-4408-8DE8-F50FC6A622BA}.Debug|x86.Build.0 = Debug|Any CPU
		{28F0F273-AAA1-4408-8DE8-F50FC6A622BA}.Release|Any CPU.ActiveCfg = Release|Any CPU
		{28F0F273-AAA1-4408-8DE8-F50FC6A622BA}.Release|Any CPU.Build.0 = Release|Any CPU
		{28F0F273-AAA1-4408-8DE8-F50FC6A622BA}.Release|x64.ActiveCfg = Release|Any CPU
		{28F0F273-AAA1-4408-8DE8-F50FC6A622BA}.Release|x64.Build.0 = Release|Any CPU
		{28F0F273-AAA1-4408-8DE8-F50FC6A622BA}.Release|x86.ActiveCfg = Release|Any CPU
		{28F0F273-AAA1-4408-8DE8-F50FC6A622BA}.Release|x86.Build.0 = Release|Any CPU
		{E9B6A7E0-6BCD-4AE3-AB1C-5C06977CB2A1}.Debug|Any CPU.ActiveCfg = Debug|Any CPU
		{E9B6A7E0-6BCD-4AE3-AB1C-5C06977CB2A1}.Debug|Any CPU.Build.0 = Debug|Any CPU
		{E9B6A7E0-6BCD-4AE3-AB1C-5C06977CB2A1}.Debug|x64.ActiveCfg = Debug|Any CPU
		{E9B6A7E0-6BCD-4AE3-AB1C-5C06977CB2A1}.Debug|x64.Build.0 = Debug|Any CPU
		{E9B6A7E0-6BCD-4AE3-AB1C-5C06977CB2A1}.Debug|x86.ActiveCfg = Debug|Any CPU
		{E9B6A7E0-6BCD-4AE3-AB1C-5C06977CB2A1}.Debug|x86.Build.0 = Debug|Any CPU
		{E9B6A7E0-6BCD-4AE3-AB1C-5C06977CB2A1}.Release|Any CPU.ActiveCfg = Release|Any CPU
		{E9B6A7E0-6BCD-4AE3-AB1C-5C06977CB2A1}.Release|Any CPU.Build.0 = Release|Any CPU
		{E9B6A7E0-6BCD-4AE3-AB1C-5C06977CB2A1}.Release|x64.ActiveCfg = Release|Any CPU
		{E9B6A7E0-6BCD-4AE3-AB1C-5C06977CB2A1}.Release|x64.Build.0 = Release|Any CPU
		{E9B6A7E0-6BCD-4AE3-AB1C-5C06977CB2A1}.Release|x86.ActiveCfg = Release|Any CPU
		{E9B6A7E0-6BCD-4AE3-AB1C-5C06977CB2A1}.Release|x86.Build.0 = Release|Any CPU
		{DF280346-0953-44E8-8783-240A40D218BE}.Debug|Any CPU.ActiveCfg = Debug|Any CPU
		{DF280346-0953-44E8-8783-240A40D218BE}.Debug|Any CPU.Build.0 = Debug|Any CPU
		{DF280346-0953-44E8-8783-240A40D218BE}.Debug|x64.ActiveCfg = Debug|Any CPU
		{DF280346-0953-44E8-8783-240A40D218BE}.Debug|x64.Build.0 = Debug|Any CPU
		{DF280346-0953-44E8-8783-240A40D218BE}.Debug|x86.ActiveCfg = Debug|Any CPU
		{DF280346-0953-44E8-8783-240A40D218BE}.Debug|x86.Build.0 = Debug|Any CPU
		{DF280346-0953-44E8-8783-240A40D218BE}.Release|Any CPU.ActiveCfg = Release|Any CPU
		{DF280346-0953-44E8-8783-240A40D218BE}.Release|Any CPU.Build.0 = Release|Any CPU
		{DF280346-0953-44E8-8783-240A40D218BE}.Release|x64.ActiveCfg = Release|Any CPU
		{DF280346-0953-44E8-8783-240A40D218BE}.Release|x64.Build.0 = Release|Any CPU
		{DF280346-0953-44E8-8783-240A40D218BE}.Release|x86.ActiveCfg = Release|Any CPU
		{DF280346-0953-44E8-8783-240A40D218BE}.Release|x86.Build.0 = Release|Any CPU
		{98793133-FB7A-4A0F-B315-3996F1822725}.Debug|Any CPU.ActiveCfg = Debug|Any CPU
		{98793133-FB7A-4A0F-B315-3996F1822725}.Debug|Any CPU.Build.0 = Debug|Any CPU
		{98793133-FB7A-4A0F-B315-3996F1822725}.Debug|x64.ActiveCfg = Debug|Any CPU
		{98793133-FB7A-4A0F-B315-3996F1822725}.Debug|x64.Build.0 = Debug|Any CPU
		{98793133-FB7A-4A0F-B315-3996F1822725}.Debug|x86.ActiveCfg = Debug|Any CPU
		{98793133-FB7A-4A0F-B315-3996F1822725}.Debug|x86.Build.0 = Debug|Any CPU
		{98793133-FB7A-4A0F-B315-3996F1822725}.Release|Any CPU.ActiveCfg = Release|Any CPU
		{98793133-FB7A-4A0F-B315-3996F1822725}.Release|Any CPU.Build.0 = Release|Any CPU
		{98793133-FB7A-4A0F-B315-3996F1822725}.Release|x64.ActiveCfg = Release|Any CPU
		{98793133-FB7A-4A0F-B315-3996F1822725}.Release|x64.Build.0 = Release|Any CPU
		{98793133-FB7A-4A0F-B315-3996F1822725}.Release|x86.ActiveCfg = Release|Any CPU
		{98793133-FB7A-4A0F-B315-3996F1822725}.Release|x86.Build.0 = Release|Any CPU
	EndGlobalSection
	GlobalSection(SolutionProperties) = preSolution
		HideSolutionNode = FALSE
	EndGlobalSection
	GlobalSection(NestedProjects) = preSolution
		{3024F0A4-8109-3CD3-0347-46F4E6C63FD7} = {809F86A1-1C4C-B159-0CD4-DF9D33D876CE}
		{69B42F05-6195-48D0-B38B-1A3FCEC8DF88} = {3024F0A4-8109-3CD3-0347-46F4E6C63FD7}
		{048D9AF8-4685-C3AC-2017-D37E614F955C} = {809F86A1-1C4C-B159-0CD4-DF9D33D876CE}
		{06CCB560-D3EB-407C-B50E-F264FB1DC839} = {048D9AF8-4685-C3AC-2017-D37E614F955C}
		{95BF5745-459E-8EE1-17A2-1404D05EF9B3} = {5854FF58-B8C5-05C6-5BF2-ACE42193F22B}
		{28F0F273-AAA1-4408-8DE8-F50FC6A622BA} = {95BF5745-459E-8EE1-17A2-1404D05EF9B3}
		{FFE3F348-13EC-4F05-BD1B-94A4B8123268} = {5854FF58-B8C5-05C6-5BF2-ACE42193F22B}
		{E9B6A7E0-6BCD-4AE3-AB1C-5C06977CB2A1} = {FFE3F348-13EC-4F05-BD1B-94A4B8123268}
		{D504998C-DEDD-6620-4D61-5EAA0BAE1179} = {5854FF58-B8C5-05C6-5BF2-ACE42193F22B}
		{DF280346-0953-44E8-8783-240A40D218BE} = {D504998C-DEDD-6620-4D61-5EAA0BAE1179}
		{98793133-FB7A-4A0F-B315-3996F1822725} = {07C2787E-EAC7-C090-1BA3-A61EC2A24D84}
	EndGlobalSection
EndGlobal
