
Microsoft Visual Studio Solution File, Format Version 12.00
# Visual Studio Version 17
VisualStudioVersion = 17.14.36623.8 d17.14
MinimumVisualStudioVersion = 10.0.40219.1
Project("{FAE04EC0-301F-11D3-BF4B-00C04F79EFBC}") = "Maia.Orchestrator", "Maia.Orchestrator.csproj", "{B718D2F1-3E71-843E-90A2-0175C1E7C88C}"
EndProject
Global
	GlobalSection(SolutionConfigurationPlatforms) = preSolution
		Debug|Any CPU = Debug|Any CPU
		Release|Any CPU = Release|Any CPU
	EndGlobalSection
	GlobalSection(ProjectConfigurationPlatforms) = postSolution
		{B718D2F1-3E71-843E-90A2-0175C1E7C88C}.Debug|Any CPU.ActiveCfg = Debug|Any CPU
		{B718D2F1-3E71-843E-90A2-0175C1E7C88C}.Debug|Any CPU.Build.0 = Debug|Any CPU
		{B718D2F1-3E71-843E-90A2-0175C1E7C88C}.Release|Any CPU.ActiveCfg = Release|Any CPU
		{B718D2F1-3E71-843E-90A2-0175C1E7C88C}.Release|Any CPU.Build.0 = Release|Any CPU
	EndGlobalSection
	GlobalSection(SolutionProperties) = preSolution
		HideSolutionNode = FALSE
	EndGlobalSection
	GlobalSection(ExtensibilityGlobals) = postSolution
		SolutionGuid = {67CBCDD4-7647-480B-B91B-0C99BE5A35AF}
	EndGlobalSection
EndGlobal
